
Microsoft Visual Studio Solution File, Format Version 12.00
# Visual Studio Version 17
VisualStudioVersion = 17.4.33205.214
MinimumVisualStudioVersion = 10.0.40219.1
Project("{FAE04EC0-301F-11D3-BF4B-00C04F79EFBC}") = "CookBookApp", "CookBookApp\CookBookApp.csproj", "{473D8C26-0F64-4115-94E9-0FCBB5FDC57C}"
EndProject
Global
	GlobalSection(SolutionConfigurationPlatforms) = preSolution
		Debug|Any CPU = Debug|Any CPU
		Release|Any CPU = Release|Any CPU
	EndGlobalSection
	GlobalSection(ProjectConfigurationPlatforms) = postSolution
		{473D8C26-0F64-4115-94E9-0FCBB5FDC57C}.Debug|Any CPU.ActiveCfg = Debug|Any CPU
		{473D8C26-0F64-4115-94E9-0FCBB5FDC57C}.Debug|Any CPU.Build.0 = Debug|Any CPU
		{473D8C26-0F64-4115-94E9-0FCBB5FDC57C}.Release|Any CPU.ActiveCfg = Release|Any CPU
		{473D8C26-0F64-4115-94E9-0FCBB5FDC57C}.Release|Any CPU.Build.0 = Release|Any CPU
	EndGlobalSection
	GlobalSection(SolutionProperties) = preSolution
		HideSolutionNode = FALSE
	EndGlobalSection
	GlobalSection(ExtensibilityGlobals) = postSolution
		SolutionGuid = {8F051878-C94B-4133-99D8-D0ACC4576F40}
	EndGlobalSection
EndGlobal
